
Microsoft Visual Studio Solution File, Format Version 12.00
# Visual Studio 15
VisualStudioVersion = 15.0.27703.2042
MinimumVisualStudioVersion = 10.0.40219.1
Project("{FAE04EC0-301F-11D3-BF4B-00C04F79EFBC}") = "throwaway", "throwaway\throwaway.csproj", "{CFF0408A-3FAC-4B38-A0F3-54EEE7A085FF}"
EndProject
Global
	GlobalSection(SolutionConfigurationPlatforms) = preSolution
		Debug|Any CPU = Debug|Any CPU
		Release|Any CPU = Release|Any CPU
	EndGlobalSection
	GlobalSection(ProjectConfigurationPlatforms) = postSolution
		{CFF0408A-3FAC-4B38-A0F3-54EEE7A085FF}.Debug|Any CPU.ActiveCfg = Debug|Any CPU
		{CFF0408A-3FAC-4B38-A0F3-54EEE7A085FF}.Debug|Any CPU.Build.0 = Debug|Any CPU
		{CFF0408A-3FAC-4B38-A0F3-54EEE7A085FF}.Release|Any CPU.ActiveCfg = Release|Any CPU
		{CFF0408A-3FAC-4B38-A0F3-54EEE7A085FF}.Release|Any CPU.Build.0 = Release|Any CPU
	EndGlobalSection
	GlobalSection(SolutionProperties) = preSolution
		HideSolutionNode = FALSE
	EndGlobalSection
	GlobalSection(ExtensibilityGlobals) = postSolution
		SolutionGuid = {7EA6DB39-949C-4231-A340-F059702B4601}
	EndGlobalSection
EndGlobal
